// !$*UTF8*$!
{
	archiveVersion = 1;
	classes = {
	};
	objectVersion = 48;
	objects = {

/* Begin PBXBuildFile section */
		F4C6FCF12016D5E3003135C1 /* AppDelegate.swift in Sources */ = {isa = PBXBuildFile; fileRef = F4C6FCF02016D5E3003135C1 /* AppDelegate.swift */; };
		F4C6FCF32016D5E3003135C1 /* ViewController.swift in Sources */ = {isa = PBXBuildFile; fileRef = F4C6FCF22016D5E3003135C1 /* ViewController.swift */; };
		F4C6FCF62016D5E3003135C1 /* Main.storyboard in Resources */ = {isa = PBXBuildFile; fileRef = F4C6FCF42016D5E3003135C1 /* Main.storyboard */; };
		F4C6FCF82016D5E3003135C1 /* Assets.xcassets in Resources */ = {isa = PBXBuildFile; fileRef = F4C6FCF72016D5E3003135C1 /* Assets.xcassets */; };
		F4C6FCFB2016D5E3003135C1 /* LaunchScreen.storyboard in Resources */ = {isa = PBXBuildFile; fileRef = F4C6FCF92016D5E3003135C1 /* LaunchScreen.storyboard */; };
		F4C6FD032016D5F5003135C1 /* AnimationView.swift in Sources */ = {isa = PBXBuildFile; fileRef = F4C6FD022016D5F5003135C1 /* AnimationView.swift */; };
		F4C6FD062016D6F2003135C1 /* CircleLayer.swift in Sources */ = {isa = PBXBuildFile; fileRef = F4C6FD052016D6F2003135C1 /* CircleLayer.swift */; };
		F4C6FD082016DB97003135C1 /* TriangleLayer.swift in Sources */ = {isa = PBXBuildFile; fileRef = F4C6FD072016DB97003135C1 /* TriangleLayer.swift */; };
		F4C6FD0A2016DE2B003135C1 /* RectangleLayer.swift in Sources */ = {isa = PBXBuildFile; fileRef = F4C6FD092016DE2B003135C1 /* RectangleLayer.swift */; };
		F4C6FD0C2016DECE003135C1 /* WaveLayer.swift in Sources */ = {isa = PBXBuildFile; fileRef = F4C6FD0B2016DECE003135C1 /* WaveLayer.swift */; };
		F4C6FD0E2016E051003135C1 /* Extension.swift in Sources */ = {isa = PBXBuildFile; fileRef = F4C6FD0D2016E051003135C1 /* Extension.swift */; };
/* End PBXBuildFile section */

/* Begin PBXFileReference section */
		F4C6FCED2016D5E3003135C1 /* LoadingAnimation.app */ = {isa = PBXFileReference; explicitFileType = wrapper.application; includeInIndex = 0; path = LoadingAnimation.app; sourceTree = BUILT_PRODUCTS_DIR; };
		F4C6FCF02016D5E3003135C1 /* AppDelegate.swift */ = {isa = PBXFileReference; lastKnownFileType = sourcecode.swift; path = AppDelegate.swift; sourceTree = "<group>"; };
		F4C6FCF22016D5E3003135C1 /* ViewController.swift */ = {isa = PBXFileReference; lastKnownFileType = sourcecode.swift; path = ViewController.swift; sourceTree = "<group>"; };
		F4C6FCF52016D5E3003135C1 /* Base */ = {isa = PBXFileReference; lastKnownFileType = file.storyboard; name = Base; path = Base.lproj/Main.storyboard; sourceTree = "<group>"; };
		F4C6FCF72016D5E3003135C1 /* Assets.xcassets */ = {isa = PBXFileReference; lastKnownFileType = folder.assetcatalog; path = Assets.xcassets; sourceTree = "<group>"; };
		F4C6FCFA2016D5E3003135C1 /* Base */ = {isa = PBXFileReference; lastKnownFileType = file.storyboard; name = Base; path = Base.lproj/LaunchScreen.storyboard; sourceTree = "<group>"; };
		F4C6FCFC2016D5E3003135C1 /* Info.plist */ = {isa = PBXFileReference; lastKnownFileType = text.plist.xml; path = Info.plist; sourceTree = "<group>"; };
		F4C6FD022016D5F5003135C1 /* AnimationView.swift */ = {isa = PBXFileReference; lastKnownFileType = sourcecode.swift; path = AnimationView.swift; sourceTree = "<group>"; };
		F4C6FD052016D6F2003135C1 /* CircleLayer.swift */ = {isa = PBXFileReference; lastKnownFileType = sourcecode.swift; path = CircleLayer.swift; sourceTree = "<group>"; };
		F4C6FD072016DB97003135C1 /* TriangleLayer.swift */ = {isa = PBXFileReference; lastKnownFileType = sourcecode.swift; path = TriangleLayer.swift; sourceTree = "<group>"; };
		F4C6FD092016DE2B003135C1 /* RectangleLayer.swift */ = {isa = PBXFileReference; lastKnownFileType = sourcecode.swift; path = RectangleLayer.swift; sourceTree = "<group>"; };
		F4C6FD0B2016DECE003135C1 /* WaveLayer.swift */ = {isa = PBXFileReference; lastKnownFileType = sourcecode.swift; path = WaveLayer.swift; sourceTree = "<group>"; };
		F4C6FD0D2016E051003135C1 /* Extension.swift */ = {isa = PBXFileReference; fileEncoding = 4; lastKnownFileType = sourcecode.swift; path = Extension.swift; sourceTree = "<group>"; };
/* End PBXFileReference section */

/* Begin PBXFrameworksBuildPhase section */
		F4C6FCEA2016D5E3003135C1 /* Frameworks */ = {
			isa = PBXFrameworksBuildPhase;
			buildActionMask = 2147483647;
			files = (
			);
			runOnlyForDeploymentPostprocessing = 0;
		};
/* End PBXFrameworksBuildPhase section */

/* Begin PBXGroup section */
		F4C6FCE42016D5E3003135C1 = {
			isa = PBXGroup;
			children = (
				F4C6FCEF2016D5E3003135C1 /* LoadingAnimation */,
				F4C6FCEE2016D5E3003135C1 /* Products */,
			);
			sourceTree = "<group>";
		};
		F4C6FCEE2016D5E3003135C1 /* Products */ = {
			isa = PBXGroup;
			children = (
				F4C6FCED2016D5E3003135C1 /* LoadingAnimation.app */,
			);
			name = Products;
			sourceTree = "<group>";
		};
		F4C6FCEF2016D5E3003135C1 /* LoadingAnimation */ = {
			isa = PBXGroup;
			children = (
				F4C6FD022016D5F5003135C1 /* AnimationView.swift */,
				F4C6FD042016D6E2003135C1 /* Layer */,
				F4C6FCF02016D5E3003135C1 /* AppDelegate.swift */,
				F4C6FCF22016D5E3003135C1 /* ViewController.swift */,
				F4C6FD0D2016E051003135C1 /* Extension.swift */,
				F4C6FCF42016D5E3003135C1 /* Main.storyboard */,
				F4C6FCF72016D5E3003135C1 /* Assets.xcassets */,
				F4C6FCF92016D5E3003135C1 /* LaunchScreen.storyboard */,
				F4C6FCFC2016D5E3003135C1 /* Info.plist */,
			);
			path = LoadingAnimation;
			sourceTree = "<group>";
		};
		F4C6FD042016D6E2003135C1 /* Layer */ = {
			isa = PBXGroup;
			children = (
				F4C6FD052016D6F2003135C1 /* CircleLayer.swift */,
				F4C6FD072016DB97003135C1 /* TriangleLayer.swift */,
				F4C6FD092016DE2B003135C1 /* RectangleLayer.swift */,
				F4C6FD0B2016DECE003135C1 /* WaveLayer.swift */,
			);
			path = Layer;
			sourceTree = "<group>";
		};
/* End PBXGroup section */

/* Begin PBXNativeTarget section */
		F4C6FCEC2016D5E3003135C1 /* LoadingAnimation */ = {
			isa = PBXNativeTarget;
			buildConfigurationList = F4C6FCFF2016D5E3003135C1 /* Build configuration list for PBXNativeTarget "LoadingAnimation" */;
			buildPhases = (
				F4C6FCE92016D5E3003135C1 /* Sources */,
				F4C6FCEA2016D5E3003135C1 /* Frameworks */,
				F4C6FCEB2016D5E3003135C1 /* Resources */,
			);
			buildRules = (
			);
			dependencies = (
			);
			name = LoadingAnimation;
			productName = LoadingAnimation;
			productReference = F4C6FCED2016D5E3003135C1 /* LoadingAnimation.app */;
			productType = "com.apple.product-type.application";
		};
/* End PBXNativeTarget section */

/* Begin PBXProject section */
		F4C6FCE52016D5E3003135C1 /* Project object */ = {
			isa = PBXProject;
			attributes = {
				LastSwiftUpdateCheck = 0920;
				LastUpgradeCheck = 0920;
				ORGANIZATIONNAME = xuech;
				TargetAttributes = {
					F4C6FCEC2016D5E3003135C1 = {
						CreatedOnToolsVersion = 9.2;
						ProvisioningStyle = Automatic;
					};
				};
			};
			buildConfigurationList = F4C6FCE82016D5E3003135C1 /* Build configuration list for PBXProject "LoadingAnimation" */;
			compatibilityVersion = "Xcode 8.0";
			developmentRegion = en;
			hasScannedForEncodings = 0;
			knownRegions = (
				en,
				Base,
			);
			mainGroup = F4C6FCE42016D5E3003135C1;
			productRefGroup = F4C6FCEE2016D5E3003135C1 /* Products */;
			projectDirPath = "";
			projectRoot = "";
			targets = (
				F4C6FCEC2016D5E3003135C1 /* LoadingAnimation */,
			);
		};
/* End PBXProject section */

/* Begin PBXResourcesBuildPhase section */
		F4C6FCEB2016D5E3003135C1 /* Resources */ = {
			isa = PBXResourcesBuildPhase;
			buildActionMask = 2147483647;
			files = (
				F4C6FCFB2016D5E3003135C1 /* LaunchScreen.storyboard in Resources */,
				F4C6FCF82016D5E3003135C1 /* Assets.xcassets in Resources */,
				F4C6FCF62016D5E3003135C1 /* Main.storyboard in Resources */,
			);
			runOnlyForDeploymentPostprocessing = 0;
		};
/* End PBXResourcesBuildPhase section */

/* Begin PBXSourcesBuildPhase section */
		F4C6FCE92016D5E3003135C1 /* Sources */ = {
			isa = PBXSourcesBuildPhase;
			buildActionMask = 2147483647;
			files = (
				F4C6FD032016D5F5003135C1 /* AnimationView.swift in Sources */,
				F4C6FD0C2016DECE003135C1 /* WaveLayer.swift in Sources */,
				F4C6FD082016DB97003135C1 /* TriangleLayer.swift in Sources */,
				F4C6FCF32016D5E3003135C1 /* ViewController.swift in Sources */,
				F4C6FCF12016D5E3003135C1 /* AppDelegate.swift in Sources */,
				F4C6FD062016D6F2003135C1 /* CircleLayer.swift in Sources */,
				F4C6FD0A2016DE2B003135C1 /* RectangleLayer.swift in Sources */,
				F4C6FD0E2016E051003135C1 /* Extension.swift in Sources */,
			);
			runOnlyForDeploymentPostprocessing = 0;
		};
/* End PBXSourcesBuildPhase section */

/* Begin PBXVariantGroup section */
		F4C6FCF42016D5E3003135C1 /* Main.storyboard */ = {
			isa = PBXVariantGroup;
			children = (
				F4C6FCF52016D5E3003135C1 /* Base */,
			);
			name = Main.storyboard;
			sourceTree = "<group>";
		};
		F4C6FCF92016D5E3003135C1 /* LaunchScreen.storyboard */ = {
			isa = PBXVariantGroup;
			children = (
				F4C6FCFA2016D5E3003135C1 /* Base */,
			);
			name = LaunchScreen.storyboard;
			sourceTree = "<group>";
		};
/* End PBXVariantGroup section */

/* Begin XCBuildConfiguration section */
		F4C6FCFD2016D5E3003135C1 /* Debug */ = {
			isa = XCBuildConfiguration;
			buildSettings = {
				ALWAYS_SEARCH_USER_PATHS = NO;
				CLANG_ANALYZER_NONNULL = YES;
				CLANG_ANALYZER_NUMBER_OBJECT_CONVERSION = YES_AGGRESSIVE;
				CLANG_CXX_LANGUAGE_STANDARD = "gnu++14";
				CLANG_CXX_LIBRARY = "libc++";
				CLANG_ENABLE_MODULES = YES;
				CLANG_ENABLE_OBJC_ARC = YES;
				CLANG_WARN_BLOCK_CAPTURE_AUTORELEASING = YES;
				CLANG_WARN_BOOL_CONVERSION = YES;
				CLANG_WARN_COMMA = YES;
				CLANG_WARN_CONSTANT_CONVERSION = YES;
				CLANG_WARN_DIRECT_OBJC_ISA_USAGE = YES_ERROR;
				CLANG_WARN_DOCUMENTATION_COMMENTS = YES;
				CLANG_WARN_EMPTY_BODY = YES;
				CLANG_WARN_ENUM_CONVERSION = YES;
				CLANG_WARN_INFINITE_RECURSION = YES;
				CLANG_WARN_INT_CONVERSION = YES;
				CLANG_WARN_NON_LITERAL_NULL_CONVERSION = YES;
				CLANG_WARN_OBJC_LITERAL_CONVERSION = YES;
				CLANG_WARN_OBJC_ROOT_CLASS = YES_ERROR;
				CLANG_WARN_RANGE_LOOP_ANALYSIS = YES;
				CLANG_WARN_STRICT_PROTOTYPES = YES;
				CLANG_WARN_SUSPICIOUS_MOVE = YES;
				CLANG_WARN_UNGUARDED_AVAILABILITY = YES_AGGRESSIVE;
				CLANG_WARN_UNREACHABLE_CODE = YES;
				CLANG_WARN__DUPLICATE_METHOD_MATCH = YES;
				CODE_SIGN_IDENTITY = "iPhone Developer";
				COPY_PHASE_STRIP = NO;
				DEBUG_INFORMATION_FORMAT = dwarf;
				ENABLE_STRICT_OBJC_MSGSEND = YES;
				ENABLE_TESTABILITY = YES;
				GCC_C_LANGUAGE_STANDARD = gnu11;
				GCC_DYNAMIC_NO_PIC = NO;
				GCC_NO_COMMON_BLOCKS = YES;
				GCC_OPTIMIZATION_LEVEL = 0;
				GCC_PREPROCESSOR_DEFINITIONS = (
					"DEBUG=1",
					"$(inherited)",
				);
				GCC_WARN_64_TO_32_BIT_CONVERSION = YES;
				GCC_WARN_ABOUT_RETURN_TYPE = YES_ERROR;
				GCC_WARN_UNDECLARED_SELECTOR = YES;
				GCC_WARN_UNINITIALIZED_AUTOS = YES_AGGRESSIVE;
				GCC_WARN_UNUSED_FUNCTION = YES;
				GCC_WARN_UNUSED_VARIABLE = YES;
				IPHONEOS_DEPLOYMENT_TARGET = 11.2;
				MTL_ENABLE_DEBUG_INFO = YES;
				ONLY_ACTIVE_ARCH = YES;
				SDKROOT = iphoneos;
				SWIFT_ACTIVE_COMPILATION_CONDITIONS = DEBUG;
				SWIFT_OPTIMIZATION_LEVEL = "-Onone";
			};
			name = Debug;
		};
		F4C6FCFE2016D5E3003135C1 /* Release */ = {
			isa = XCBuildConfiguration;
			buildSettings = {
				ALWAYS_SEARCH_USER_PATHS = NO;
				CLANG_ANALYZER_NONNULL = YES;
				CLANG_ANALYZER_NUMBER_OBJECT_CONVERSION = YES_AGGRESSIVE;
				CLANG_CXX_LANGUAGE_STANDARD = "gnu++14";
				CLANG_CXX_LIBRARY = "libc++";
				CLANG_ENABLE_MODULES = YES;
				CLANG_ENABLE_OBJC_ARC = YES;
				CLANG_WARN_BLOCK_CAPTURE_AUTORELEASING = YES;
				CLANG_WARN_BOOL_CONVERSION = YES;
				CLANG_WARN_COMMA = YES;
				CLANG_WARN_CONSTANT_CONVERSION = YES;
				CLANG_WARN_DIRECT_OBJC_ISA_USAGE = YES_ERROR;
				CLANG_WARN_DOCUMENTATION_COMMENTS = YES;
				CLANG_WARN_EMPTY_BODY = YES;
				CLANG_WARN_ENUM_CONVERSION = YES;
				CLANG_WARN_INFINITE_RECURSION = YES;
				CLANG_WARN_INT_CONVERSION = YES;
				CLANG_WARN_NON_LITERAL_NULL_CONVERSION = YES;
				CLANG_WARN_OBJC_LITERAL_CONVERSION = YES;
				CLANG_WARN_OBJC_ROOT_CLASS = YES_ERROR;
				CLANG_WARN_RANGE_LOOP_ANALYSIS = YES;
				CLANG_WARN_STRICT_PROTOTYPES = YES;
				CLANG_WARN_SUSPICIOUS_MOVE = YES;
				CLANG_WARN_UNGUARDED_AVAILABILITY = YES_AGGRESSIVE;
				CLANG_WARN_UNREACHABLE_CODE = YES;
				CLANG_WARN__DUPLICATE_METHOD_MATCH = YES;
				CODE_SIGN_IDENTITY = "iPhone Developer";
				COPY_PHASE_STRIP = NO;
				DEBUG_INFORMATION_FORMAT = "dwarf-with-dsym";
				ENABLE_NS_ASSERTIONS = NO;
				ENABLE_STRICT_OBJC_MSGSEND = YES;
				GCC_C_LANGUAGE_STANDARD = gnu11;
				GCC_NO_COMMON_BLOCKS = YES;
				GCC_WARN_64_TO_32_BIT_CONVERSION = YES;
				GCC_WARN_ABOUT_RETURN_TYPE = YES_ERROR;
				GCC_WARN_UNDECLARED_SELECTOR = YES;
				GCC_WARN_UNINITIALIZED_AUTOS = YES_AGGRESSIVE;
				GCC_WARN_UNUSED_FUNCTION = YES;
				GCC_WARN_UNUSED_VARIABLE = YES;
				IPHONEOS_DEPLOYMENT_TARGET = 11.2;
				MTL_ENABLE_DEBUG_INFO = NO;
				SDKROOT = iphoneos;
				SWIFT_OPTIMIZATION_LEVEL = "-Owholemodule";
				VALIDATE_PRODUCT = YES;
			};
			name = Release;
		};
		F4C6FD002016D5E3003135C1 /* Debug */ = {
			isa = XCBuildConfiguration;
			buildSettings = {
				ASSETCATALOG_COMPILER_APPICON_NAME = AppIcon;
				CODE_SIGN_STYLE = Automatic;
				DEVELOPMENT_TEAM = G43KKDKXN4;
				INFOPLIST_FILE = LoadingAnimation/Info.plist;
				LD_RUNPATH_SEARCH_PATHS = "$(inherited) @executable_path/Frameworks";
				PRODUCT_BUNDLE_IDENTIFIER = meg.LoadingAnimation;
				PRODUCT_NAME = "$(TARGET_NAME)";
				SWIFT_VERSION = 4.0;
				TARGETED_DEVICE_FAMILY = "1,2";
			};
			name = Debug;
		};
		F4C6FD012016D5E3003135C1 /* Release */ = {
			isa = XCBuildConfiguration;
			buildSettings = {
				ASSETCATALOG_COMPILER_APPICON_NAME = AppIcon;
				CODE_SIGN_STYLE = Automatic;
				DEVELOPMENT_TEAM = G43KKDKXN4;
				INFOPLIST_FILE = LoadingAnimation/Info.plist;
				LD_RUNPATH_SEARCH_PATHS = "$(inherited) @executable_path/Frameworks";
				PRODUCT_BUNDLE_IDENTIFIER = meg.LoadingAnimation;
				PRODUCT_NAME = "$(TARGET_NAME)";
				SWIFT_VERSION = 4.0;
				TARGETED_DEVICE_FAMILY = "1,2";
			};
			name = Release;
		};
/* End XCBuildConfiguration section */

/* Begin XCConfigurationList section */
		F4C6FCE82016D5E3003135C1 /* Build configuration list for PBXProject "LoadingAnimation" */ = {
			isa = XCConfigurationList;
			buildConfigurations = (
				F4C6FCFD2016D5E3003135C1 /* Debug */,
				F4C6FCFE2016D5E3003135C1 /* Release */,
			);
			defaultConfigurationIsVisible = 0;
			defaultConfigurationName = Release;
		};
		F4C6FCFF2016D5E3003135C1 /* Build configuration list for PBXNativeTarget "LoadingAnimation" */ = {
			isa = XCConfigurationList;
			buildConfigurations = (
				F4C6FD002016D5E3003135C1 /* Debug */,
				F4C6FD012016D5E3003135C1 /* Release */,
			);
			defaultConfigurationIsVisible = 0;
			defaultConfigurationName = Release;
		};
/* End XCConfigurationList section */
	};
	rootObject = F4C6FCE52016D5E3003135C1 /* Project object */;
}
